{
  "nodes": {
    "auth-server": {
      "flake": false,
      "locked": {
        "lastModified": 1682923146,
        "narHash": "sha256-IekIi4kifOwVon+MEcPyT2UGxGcP7uycXNne5fHMuW8=",
        "owner": "YellowOnion",
        "repo": "auth-server",
        "rev": "95dd32713e63322c75154bcf320319d9538a668a",
        "type": "github"
      },
      "original": {
        "owner": "YellowOnion",
        "repo": "auth-server",
        "type": "github"
      }
    },
    "bcachefs-nixpkgs": {
      "locked": {
        "lastModified": 1695378224,
        "narHash": "sha256-St9VWqNo/HMUoJ/RqXi8CFt84mAlNOhma75Vv/YPs4E=",
        "owner": "YellowOnion",
        "repo": "nixpkgs",
        "rev": "e92e0dc9478cb1449cf5ed0f2277fd942cdcb264",
        "type": "github"
      },
      "original": {
        "owner": "YellowOnion",
        "ref": "bump-bcachefs",
        "repo": "nixpkgs",
        "type": "github"
      }
    },
    "conduit": {
      "inputs": {
        "crane": "crane",
        "fenix": "fenix",
        "flake-utils": "flake-utils",
        "nixpkgs": "nixpkgs"
      },
      "locked": {
        "lastModified": 1694631477,
        "narHash": "sha256-35SgWnBkWTyyRwVPyUKoShjzXfX0H1+HDdEEjZ/LsXc=",
        "owner": "famedly",
        "repo": "conduit",
        "rev": "3bfdae795d4d9ec9aeaac7465e7535ac88e47756",
        "type": "gitlab"
      },
      "original": {
        "owner": "famedly",
        "repo": "conduit",
        "type": "gitlab"
      }
    },
    "crane": {
      "inputs": {
        "flake-compat": "flake-compat",
        "flake-utils": [
          "conduit",
          "flake-utils"
        ],
        "nixpkgs": [
          "conduit",
          "nixpkgs"
        ],
        "rust-overlay": "rust-overlay"
      },
      "locked": {
        "lastModified": 1688772518,
        "narHash": "sha256-ol7gZxwvgLnxNSZwFTDJJ49xVY5teaSvF7lzlo3YQfM=",
        "owner": "ipetkov",
        "repo": "crane",
        "rev": "8b08e96c9af8c6e3a2b69af5a7fa168750fcf88e",
        "type": "github"
      },
      "original": {
        "owner": "ipetkov",
        "repo": "crane",
        "type": "github"
      }
    },
    "factorio-mods": {
      "flake": false,
      "locked": {
        "lastModified": 1696172485,
        "narHash": "sha256-wICxoAC2j3Ht4npjtExqRMLnizqVk92nmuN9cUCO5GI=",
        "owner": "YellowOnion",
        "repo": "factorio-mods",
        "rev": "f54b08ecbd5d0100cee7d0a0568b35c01e7d3da0",
        "type": "github"
      },
      "original": {
        "owner": "YellowOnion",
        "repo": "factorio-mods",
        "type": "github"
      }
    },
    "factorio-nixpkgs": {
      "locked": {
        "lastModified": 1694487590,
        "narHash": "sha256-wuK5TQwPTGFL1CsckPpkXmDGqjYBjDSuZb0JmQ2T9Iw=",
        "owner": "YellowOnion",
        "repo": "nixpkgs",
        "rev": "7172223355ced7c085e04afbcc397f03aa03b05d",
        "type": "github"
      },
      "original": {
        "owner": "YellowOnion",
        "ref": "factorio-patch2",
        "repo": "nixpkgs",
        "type": "github"
      }
    },
    "fenix": {
      "inputs": {
        "nixpkgs": [
          "conduit",
          "nixpkgs"
        ],
        "rust-analyzer-src": "rust-analyzer-src"
      },
      "locked": {
        "lastModified": 1689488573,
        "narHash": "sha256-diVASflKCCryTYv0djvMnP2444mFsIG0ge5pa7ahauQ=",
        "owner": "nix-community",
        "repo": "fenix",
        "rev": "39096fe3f379036ff4a5fa198950b8e79defe939",
        "type": "github"
      },
      "original": {
        "owner": "nix-community",
        "repo": "fenix",
        "type": "github"
      }
    },
    "flake-compat": {
      "flake": false,
      "locked": {
        "lastModified": 1673956053,
        "narHash": "sha256-4gtG9iQuiKITOjNQQeQIpoIB6b16fm+504Ch3sNKLd8=",
        "owner": "edolstra",
        "repo": "flake-compat",
        "rev": "35bb57c0c8d8b62bbfd284272c928ceb64ddbde9",
        "type": "github"
      },
      "original": {
        "owner": "edolstra",
        "repo": "flake-compat",
        "type": "github"
      }
    },
    "flake-compat_2": {
      "flake": false,
      "locked": {
        "lastModified": 1673956053,
        "narHash": "sha256-4gtG9iQuiKITOjNQQeQIpoIB6b16fm+504Ch3sNKLd8=",
        "owner": "edolstra",
        "repo": "flake-compat",
        "rev": "35bb57c0c8d8b62bbfd284272c928ceb64ddbde9",
        "type": "github"
      },
      "original": {
        "owner": "edolstra",
        "repo": "flake-compat",
        "type": "github"
      }
    },
    "flake-parts": {
      "inputs": {
        "nixpkgs-lib": "nixpkgs-lib"
      },
      "locked": {
        "lastModified": 1690933134,
        "narHash": "sha256-ab989mN63fQZBFrkk4Q8bYxQCktuHmBIBqUG1jl6/FQ=",
        "owner": "hercules-ci",
        "repo": "flake-parts",
        "rev": "59cf3f1447cfc75087e7273b04b31e689a8599fb",
        "type": "github"
      },
      "original": {
        "owner": "hercules-ci",
        "repo": "flake-parts",
        "type": "github"
      }
    },
    "flake-utils": {
      "inputs": {
        "systems": "systems"
      },
      "locked": {
        "lastModified": 1689068808,
        "narHash": "sha256-6ixXo3wt24N/melDWjq70UuHQLxGV8jZvooRanIHXw0=",
        "owner": "numtide",
        "repo": "flake-utils",
        "rev": "919d646de7be200f3bf08cb76ae1f09402b6f9b4",
        "type": "github"
      },
      "original": {
        "owner": "numtide",
        "repo": "flake-utils",
        "type": "github"
      }
    },
    "nix-gaming": {
      "inputs": {
        "flake-parts": "flake-parts",
        "nixpkgs": "nixpkgs_2"
      },
      "locked": {
        "lastModified": 1693059015,
        "narHash": "sha256-C09MOupUZC3/fvx+AD9hmcnGGQmwXkLoY8EGVPMZpaM=",
        "owner": "fufexan",
        "repo": "nix-gaming",
        "rev": "8cda7550bedc7b5a33345d3a6308a0d3f2c1916e",
        "type": "github"
      },
      "original": {
        "owner": "fufexan",
        "repo": "nix-gaming",
        "type": "github"
      }
    },
    "nixpkgs": {
      "locked": {
        "lastModified": 1696019113,
        "narHash": "sha256-X3+DKYWJm93DRSdC5M6K5hLqzSya9BjibtBsuARoPco=",
        "owner": "NixOS",
        "repo": "nixpkgs",
        "rev": "f5892ddac112a1e9b3612c39af1b72987ee5783a",
        "type": "github"
      },
      "original": {
        "owner": "NixOS",
        "ref": "nixos-unstable",
        "repo": "nixpkgs",
        "type": "github"
      }
    },
    "nixpkgs-lib": {
      "locked": {
        "dir": "lib",
        "lastModified": 1690881714,
        "narHash": "sha256-h/nXluEqdiQHs1oSgkOOWF+j8gcJMWhwnZ9PFabN6q0=",
        "owner": "NixOS",
        "repo": "nixpkgs",
        "rev": "9e1960bc196baf6881340d53dccb203a951745a2",
        "type": "github"
      },
      "original": {
        "dir": "lib",
        "owner": "NixOS",
        "ref": "nixos-unstable",
        "repo": "nixpkgs",
        "type": "github"
      }
    },
    "nixpkgs_2": {
      "locked": {
        "lastModified": 1692463654,
        "narHash": "sha256-F8hZmsQINI+S6UROM4jyxAMbQLtzE44pI8Nk6NtMdao=",
        "owner": "NixOS",
        "repo": "nixpkgs",
        "rev": "ca3c9ac9f4cdd4bea19f592b32bb59b74ab7d783",
        "type": "github"
      },
      "original": {
        "owner": "NixOS",
        "ref": "nixpkgs-unstable",
        "repo": "nixpkgs",
        "type": "github"
      }
    },
    "nixpkgs_3": {
      "locked": {
        "lastModified": 1694048570,
        "narHash": "sha256-PEQptwFCVaJ+jLFJgrZll2shQ9VI/7xVhrCYkJo8iIw=",
        "owner": "NixOS",
        "repo": "nixpkgs",
        "rev": "4f77ea639305f1de0a14d9d41eef83313360638c",
        "type": "github"
      },
      "original": {
        "owner": "NixOS",
        "ref": "nixos-23.05",
        "repo": "nixpkgs",
        "type": "github"
      }
    },
    "nixpkgs_4": {
      "locked": {
        "lastModified": 1693341273,
        "narHash": "sha256-wrsPjsIx2767909MPGhSIOmkpGELM9eufqLQOPxmZQg=",
        "owner": "NixOS",
        "repo": "nixpkgs",
        "rev": "2ab91c8d65c00fd22a441c69bbf1bc9b420d5ea1",
        "type": "github"
      },
      "original": {
        "owner": "NixOS",
        "ref": "nixos-23.05",
        "repo": "nixpkgs",
        "type": "github"
      }
    },
    "root": {
      "inputs": {
        "auth-server": "auth-server",
        "bcachefs-nixpkgs": "bcachefs-nixpkgs",
        "conduit": "conduit",
        "factorio-mods": "factorio-mods",
        "factorio-nixpkgs": "factorio-nixpkgs",
        "nix-gaming": "nix-gaming",
        "nixpkgs": "nixpkgs_3",
        "ryzen_smu-nixpkgs": "ryzen_smu-nixpkgs",
        "sway-nix": "sway-nix"
      }
    },
    "rust-analyzer-src": {
      "flake": false,
      "locked": {
        "lastModified": 1689441253,
        "narHash": "sha256-4MSDZaFI4DOfsLIZYPMBl0snzWhX1/OqR/QHir382CY=",
        "owner": "rust-lang",
        "repo": "rust-analyzer",
        "rev": "996e054f1eb1dbfc8455ecabff0f6ff22ba7f7c8",
        "type": "github"
      },
      "original": {
        "owner": "rust-lang",
        "ref": "nightly",
        "repo": "rust-analyzer",
        "type": "github"
      }
    },
    "rust-overlay": {
      "inputs": {
        "flake-utils": [
          "conduit",
          "crane",
          "flake-utils"
        ],
        "nixpkgs": [
          "conduit",
          "crane",
          "nixpkgs"
        ]
      },
      "locked": {
        "lastModified": 1688351637,
        "narHash": "sha256-CLTufJ29VxNOIZ8UTg0lepsn3X03AmopmaLTTeHDCL4=",
        "owner": "oxalica",
        "repo": "rust-overlay",
        "rev": "f9b92316727af9e6c7fee4a761242f7f46880329",
        "type": "github"
      },
      "original": {
        "owner": "oxalica",
        "repo": "rust-overlay",
        "type": "github"
      }
    },
    "ryzen_smu-nixpkgs": {
      "locked": {
        "lastModified": 1697286119,
        "narHash": "sha256-Lyf+s7ARTTeKVQvcxr3+dGAiKh1AObaGzhczl1v1PuI=",
        "owner": "YellowOnion",
        "repo": "nixpkgs",
        "rev": "fec473fd13f89f2301399f4997468f04eb731875",
        "type": "github"
      },
      "original": {
        "owner": "YellowOnion",
        "ref": "ryzen-smu",
        "repo": "nixpkgs",
        "type": "github"
      }
    },
    "sway-nix": {
      "inputs": {
        "flake-compat": "flake-compat_2",
        "nixpkgs": "nixpkgs_4",
        "sway-src": "sway-src",
        "utils": "utils",
        "wlroots-src": "wlroots-src"
      },
      "locked": {
        "lastModified": 1696072378,
        "narHash": "sha256-c7ztFPtldnorUFlqzmU4efdVg6lTM4KBTbj2fKpuqPQ=",
        "owner": "YellowOnion",
        "repo": "sway-nix",
        "rev": "8df5775524d5bc6fe8e875c969014b00ff83a2b6",
        "type": "github"
      },
      "original": {
        "owner": "YellowOnion",
        "repo": "sway-nix",
        "type": "github"
      }
    },
    "sway-src": {
      "flake": false,
      "locked": {
        "lastModified": 1693365083,
        "narHash": "sha256-ZcSBieBYogZUEoLFFjeQkb63Dn48cRj0DMbjweaT+w4=",
        "owner": "YellowOnion",
        "repo": "sway",
        "rev": "8fad3962290c15c4a6c997e33a352c7bdf2de4a6",
        "type": "github"
      },
      "original": {
        "owner": "YellowOnion",
        "ref": "deferred-cursor-move",
        "repo": "sway",
        "type": "github"
      }
    },
    "systems": {
      "locked": {
        "lastModified": 1681028828,
        "narHash": "sha256-Vy1rq5AaRuLzOxct8nz4T6wlgyUR7zLU309k9mBC768=",
        "owner": "nix-systems",
        "repo": "default",
        "rev": "da67096a3b9bf56a91d16901293e51ba5b49a27e",
        "type": "github"
      },
      "original": {
        "owner": "nix-systems",
        "repo": "default",
        "type": "github"
      }
    },
    "systems_2": {
      "locked": {
        "lastModified": 1681028828,
        "narHash": "sha256-Vy1rq5AaRuLzOxct8nz4T6wlgyUR7zLU309k9mBC768=",
        "owner": "nix-systems",
        "repo": "default",
        "rev": "da67096a3b9bf56a91d16901293e51ba5b49a27e",
        "type": "github"
      },
      "original": {
        "owner": "nix-systems",
        "repo": "default",
        "type": "github"
      }
    },
    "utils": {
      "inputs": {
        "systems": "systems_2"
      },
      "locked": {
        "lastModified": 1692799911,
        "narHash": "sha256-3eihraek4qL744EvQXsK1Ha6C3CR7nnT8X2qWap4RNk=",
        "owner": "numtide",
        "repo": "flake-utils",
        "rev": "f9e7cf818399d17d347f847525c5a5a8032e4e44",
        "type": "github"
      },
      "original": {
        "owner": "numtide",
        "repo": "flake-utils",
        "type": "github"
      }
    },
    "wlroots-src": {
      "flake": false,
      "locked": {
        "lastModified": 1696072111,
        "narHash": "sha256-8slcgdDQLjLuZOdXidmwN+8moEekWAHGqMlrVtQaM+o=",
        "owner": "YellowOnion",
        "repo": "wlroots",
        "rev": "a90d4b3167ef8eb45a2131b35d66af3a3a031c29",
        "type": "github"
      },
      "original": {
        "owner": "YellowOnion",
        "ref": "deferred-cursor-move",
        "repo": "wlroots",
        "type": "github"
      }
    }
  },
  "root": "root",
  "version": 7
}
